
Microsoft Visual Studio Solution File, Format Version 12.00
# Visual Studio Version 17
VisualStudioVersion = 17.9.34728.123
MinimumVisualStudioVersion = 10.0.40219.1
Project("{8BC9CEB8-8B4A-11D0-8D11-00A0C91BC942}") = "CudaVectors", "CudaVectors\CudaVectors.vcxproj", "{FC206C89-51E3-4664-A709-90CC903F68AB}"
EndProject
Global
	GlobalSection(SolutionConfigurationPlatforms) = preSolution
		Debug|x64 = Debug|x64
		Release|x64 = Release|x64
	EndGlobalSection
	GlobalSection(ProjectConfigurationPlatforms) = postSolution
		{FC206C89-51E3-4664-A709-90CC903F68AB}.Debug|x64.ActiveCfg = Debug|x64
		{FC206C89-51E3-4664-A709-90CC903F68AB}.Debug|x64.Build.0 = Debug|x64
		{FC206C89-51E3-4664-A709-90CC903F68AB}.Release|x64.ActiveCfg = Release|x64
		{FC206C89-51E3-4664-A709-90CC903F68AB}.Release|x64.Build.0 = Release|x64
	EndGlobalSection
	GlobalSection(SolutionProperties) = preSolution
		HideSolutionNode = FALSE
	EndGlobalSection
	GlobalSection(ExtensibilityGlobals) = postSolution
		SolutionGuid = {8151372A-5DA7-4747-A697-2E29FB5A9300}
	EndGlobalSection
EndGlobal
